
Microsoft Visual Studio Solution File, Format Version 12.00
# Visual Studio Version 16
VisualStudioVersion = 16.0.36422.26
MinimumVisualStudioVersion = 10.0.40219.1
Project("{FAE04EC0-301F-11D3-BF4B-00C04F79EFBC}") = "GUI", "QuanLyHocVien\GUI.csproj", "{48B7C733-22AC-4881-BAFE-FCEC96DE767C}"
EndProject
Project("{FAE04EC0-301F-11D3-BF4B-00C04F79EFBC}") = "BLL", "BLL\BLL.csproj", "{22D312A0-17C1-4CBA-907B-5F97A309E293}"
EndProject
Project("{FAE04EC0-301F-11D3-BF4B-00C04F79EFBC}") = "DAL", "DAL\DAL.csproj", "{5A671D71-DAF7-4076-827B-B05C160EDA43}"
EndProject
Global
	GlobalSection(SolutionConfigurationPlatforms) = preSolution
		Debug|Any CPU = Debug|Any CPU
		Release|Any CPU = Release|Any CPU
	EndGlobalSection
	GlobalSection(ProjectConfigurationPlatforms) = postSolution
		{48B7C733-22AC-4881-BAFE-FCEC96DE767C}.Debug|Any CPU.ActiveCfg = Debug|Any CPU
		{48B7C733-22AC-4881-BAFE-FCEC96DE767C}.Debug|Any CPU.Build.0 = Debug|Any CPU
		{48B7C733-22AC-4881-BAFE-FCEC96DE767C}.Release|Any CPU.ActiveCfg = Release|Any CPU
		{48B7C733-22AC-4881-BAFE-FCEC96DE767C}.Release|Any CPU.Build.0 = Release|Any CPU
		{22D312A0-17C1-4CBA-907B-5F97A309E293}.Debug|Any CPU.ActiveCfg = Debug|Any CPU
		{22D312A0-17C1-4CBA-907B-5F97A309E293}.Debug|Any CPU.Build.0 = Debug|Any CPU
		{22D312A0-17C1-4CBA-907B-5F97A309E293}.Release|Any CPU.ActiveCfg = Release|Any CPU
		{22D312A0-17C1-4CBA-907B-5F97A309E293}.Release|Any CPU.Build.0 = Release|Any CPU
		{5A671D71-DAF7-4076-827B-B05C160EDA43}.Debug|Any CPU.ActiveCfg = Debug|Any CPU
		{5A671D71-DAF7-4076-827B-B05C160EDA43}.Debug|Any CPU.Build.0 = Debug|Any CPU
		{5A671D71-DAF7-4076-827B-B05C160EDA43}.Release|Any CPU.ActiveCfg = Release|Any CPU
		{5A671D71-DAF7-4076-827B-B05C160EDA43}.Release|Any CPU.Build.0 = Release|Any CPU
	EndGlobalSection
	GlobalSection(SolutionProperties) = preSolution
		HideSolutionNode = FALSE
	EndGlobalSection
	GlobalSection(ExtensibilityGlobals) = postSolution
		SolutionGuid = {A1C708EC-1EFB-420F-9942-53E0C5DC7F62}
	EndGlobalSection
EndGlobal
